{
  "nodes": {
    "brew-src": {
      "flake": false,
      "locked": {
        "lastModified": 1786945682,
        "narHash": "sha256-VBESSoJccikdhxh3vp3SQeG7cZXTOulMvVkoSqNDEhs=",
        "owner": "Homebrew",
        "repo": "brew",
        "rev": "5b90e281d4e0c8fbd6ca4d8358276fb305b8d0bd",
        "type": "github"
      },
      "original": {
        "owner": "Homebrew",
        "ref": "6.0.18",
        "repo": "brew",
        "type": "github"
      }
    },
    "check-unicode-coverage": {
      "inputs": {
        "nixpkgs-darwin-24-11": [
          "check-unicode-coverage",
          "pins",
          "nixpkgs-darwin-24-11"
        ],
        "nixpkgs-linux-24-11": [
          "check-unicode-coverage",
          "pins",
          "nixos-24-11"
        ],
        "nixpkgs-unstable": [
          "check-unicode-coverage",
          "pins",
          "nixpkgs-unstable"
        ],
        "pins": [
          "pins"
        ]
      },
      "locked": {
        "lastModified": 1787511839,
        "narHash": "sha256-S8UWQINbyPGbQSYOugrsMM0inh48yArkBuAQ33S+yaI=",
        "owner": "anderslundstedt",
        "repo": "check-unicode-coverage",
        "rev": "c769072a8f4f146c640d339e555008b920f303ed",
        "type": "github"
      },
      "original": {
        "owner": "anderslundstedt",
        "repo": "check-unicode-coverage",
        "type": "github"
      }
    },
    "home-manager-darwin": {
      "inputs": {
        "nixpkgs": [
          "pins",
          "nixpkgs-darwin-stable"
        ]
      },
      "locked": {
        "lastModified": 1787487906,
        "narHash": "sha256-zIdM+8teujHm5hc5MIPDnV7k2UeOOT/pFyFtWjOCwsY=",
        "owner": "nix-community",
        "repo": "home-manager",
        "rev": "cfba7ad5886b342b8dd63ba74354b3853ea4cfc9",
        "type": "github"
      },
      "original": {
        "owner": "nix-community",
        "repo": "home-manager",
        "type": "github"
      }
    },
    "home-manager-linux": {
      "inputs": {
        "nixpkgs": [
          "pins",
          "nixos-stable"
        ]
      },
      "locked": {
        "lastModified": 1787487906,
        "narHash": "sha256-zIdM+8teujHm5hc5MIPDnV7k2UeOOT/pFyFtWjOCwsY=",
        "owner": "nix-community",
        "repo": "home-manager",
        "rev": "cfba7ad5886b342b8dd63ba74354b3853ea4cfc9",
        "type": "github"
      },
      "original": {
        "owner": "nix-community",
        "repo": "home-manager",
        "type": "github"
      }
    },
    "homebrew-cask": {
      "flake": false,
      "locked": {
        "lastModified": 1787509241,
        "narHash": "sha256-70tVZZzfAN4vsvQlZOouHFVOVypUtkt3przxdxj0Qe0=",
        "owner": "homebrew",
        "repo": "homebrew-cask",
        "rev": "1ac03bf5822a588a1d21ff1c227e162f599e0dfb",
        "type": "github"
      },
      "original": {
        "owner": "homebrew",
        "repo": "homebrew-cask",
        "type": "github"
      }
    },
    "homebrew-core": {
      "flake": false,
      "locked": {
        "lastModified": 1787506282,
        "narHash": "sha256-Wpw4cwSkegKQiMoQ44+Xlja5B12XcsyviGYVHsi/u44=",
        "owner": "homebrew",
        "repo": "homebrew-core",
        "rev": "c53ae0baea593d836ea7787154413f36607b8f82",
        "type": "github"
      },
      "original": {
        "owner": "homebrew",
        "repo": "homebrew-core",
        "type": "github"
      }
    },
    "iosevka-custom-fixed-slab-extra-extended": {
      "inputs": {
        "nixpkgs-darwin-stable": [
          "iosevka-custom-fixed-slab-extra-extended",
          "pins",
          "nixpkgs-darwin-stable"
        ],
        "nixpkgs-linux-stable": [
          "iosevka-custom-fixed-slab-extra-extended",
          "pins",
          "nixos-stable"
        ],
        "nixpkgs-unstable": [
          "iosevka-custom-fixed-slab-extra-extended",
          "pins",
          "nixpkgs-unstable"
        ],
        "pins": [
          "pins"
        ]
      },
      "locked": {
        "lastModified": 1787513301,
        "narHash": "sha256-T5exisSu9gKcYualgiJ9pSEHky/KEg5RM1nxogz5Hlc=",
        "owner": "anderslundstedt",
        "repo": "iosevka-custom-fixed-slab-extra-extended",
        "rev": "b3b0bc77b68c90d8933095064b0a840f6f3f489c",
        "type": "github"
      },
      "original": {
        "owner": "anderslundstedt",
        "repo": "iosevka-custom-fixed-slab-extra-extended",
        "type": "github"
      }
    },
    "nix-darwin": {
      "inputs": {
        "nixpkgs": [
          "pins",
          "nixpkgs-darwin-stable"
        ]
      },
      "locked": {
        "lastModified": 1786845137,
        "narHash": "sha256-oQFip+v0luP8NIxJzmiW4Wu8bILsbFWom5l0zonl8hQ=",
        "owner": "LnL7",
        "repo": "nix-darwin",
        "rev": "4cff07de74b50e64bdd68cd4e722ab5b6b35ee48",
        "type": "github"
      },
      "original": {
        "owner": "LnL7",
        "repo": "nix-darwin",
        "type": "github"
      }
    },
    "nix-homebrew": {
      "inputs": {
        "brew-src": "brew-src"
      },
      "locked": {
        "lastModified": 1787330919,
        "narHash": "sha256-LslMncqN7uOOH5S88WZtO/EVt2HwD8ltUnfyANk+mC0=",
        "owner": "zhaofengli",
        "repo": "nix-homebrew",
        "rev": "b00218e4aec0e5bf07d61a0bb13f842faa582d7b",
        "type": "github"
      },
      "original": {
        "owner": "zhaofengli",
        "repo": "nix-homebrew",
        "type": "github"
      }
    },
    "nixos-24-11": {
      "locked": {
        "lastModified": 1751274312,
        "narHash": "sha256-/bVBlRpECLVzjV19t5KMdMFWSwKLtb5RyXdjz3LJT+g=",
        "owner": "NixOS",
        "repo": "nixpkgs",
        "rev": "50ab793786d9de88ee30ec4e4c24fb4236fc2674",
        "type": "github"
      },
      "original": {
        "owner": "NixOS",
        "ref": "nixos-24.11",
        "repo": "nixpkgs",
        "type": "github"
      }
    },
    "nixos-25-11": {
      "locked": {
        "lastModified": 1782847189,
        "narHash": "sha256-twXPFqFsrrY5r28Zh7Homgcp2gUMBgQ6WDS98Q/3xFI=",
        "owner": "NixOS",
        "repo": "nixpkgs",
        "rev": "b6018f87da91d19d0ab4cf979885689b469cdd41",
        "type": "github"
      },
      "original": {
        "owner": "NixOS",
        "ref": "nixos-25.11",
        "repo": "nixpkgs",
        "type": "github"
      }
    },
    "nixos-stable": {
      "locked": {
        "lastModified": 1787414105,
        "narHash": "sha256-WncT27+3BOkgTaJZLnCsf3LcYf9RXMuR9ONSN4rzQ7s=",
        "owner": "NixOS",
        "repo": "nixpkgs",
        "rev": "a9e6d84f9c2f9012f5fe7d964a7851352300e61a",
        "type": "github"
      },
      "original": {
        "owner": "NixOS",
        "ref": "nixos-26.05",
        "repo": "nixpkgs",
        "type": "github"
      }
    },
    "nixpkgs-darwin-24-11": {
      "locked": {
        "lastModified": 1751290243,
        "narHash": "sha256-kNf+obkpJZWar7HZymXZbW+Rlk3HTEIMlpc6FCNz0Ds=",
        "owner": "NixOS",
        "repo": "nixpkgs",
        "rev": "5ab036a8d97cb9476fbe81b09076e6e91d15e1b6",
        "type": "github"
      },
      "original": {
        "owner": "NixOS",
        "ref": "nixpkgs-24.11-darwin",
        "repo": "nixpkgs",
        "type": "github"
      }
    },
    "nixpkgs-darwin-25-11": {
      "locked": {
        "lastModified": 1782904953,
        "narHash": "sha256-ESJ4VgytmAt+98YLM8466luln4HyEZ9Q36b9+Bb4P5w=",
        "owner": "NixOS",
        "repo": "nixpkgs",
        "rev": "0921fdb3e13e40fe25fbc52b89661a9d6d32ac68",
        "type": "github"
      },
      "original": {
        "owner": "NixOS",
        "ref": "nixpkgs-25.11-darwin",
        "repo": "nixpkgs",
        "type": "github"
      }
    },
    "nixpkgs-darwin-stable": {
      "locked": {
        "lastModified": 1787323337,
        "narHash": "sha256-PqomwlB2WugM9MC4tV1L2/yosMOfug3KBDjmqOqD1bU=",
        "owner": "NixOS",
        "repo": "nixpkgs",
        "rev": "6062ba1a1b8b6281b12533c9075a2dbeb38f7e49",
        "type": "github"
      },
      "original": {
        "owner": "NixOS",
        "ref": "nixpkgs-26.05-darwin",
        "repo": "nixpkgs",
        "type": "github"
      }
    },
    "nixpkgs-unstable": {
      "locked": {
        "lastModified": 1787364730,
        "narHash": "sha256-NcYt9QJfpJiF1lAyN8BDPB4EeScbPU+EwQqPiBElrpU=",
        "owner": "NixOS",
        "repo": "nixpkgs",
        "rev": "a831408e6378bc02ebf8cc09b52c96ca86f6bab4",
        "type": "github"
      },
      "original": {
        "owner": "NixOS",
        "ref": "nixpkgs-unstable",
        "repo": "nixpkgs",
        "type": "github"
      }
    },
    "pins": {
      "inputs": {
        "home-manager-darwin": "home-manager-darwin",
        "home-manager-linux": "home-manager-linux",
        "homebrew-cask": "homebrew-cask",
        "homebrew-core": "homebrew-core",
        "nix-darwin": "nix-darwin",
        "nix-homebrew": "nix-homebrew",
        "nixos-24-11": "nixos-24-11",
        "nixos-25-11": "nixos-25-11",
        "nixos-stable": "nixos-stable",
        "nixpkgs-darwin-24-11": "nixpkgs-darwin-24-11",
        "nixpkgs-darwin-25-11": "nixpkgs-darwin-25-11",
        "nixpkgs-darwin-stable": "nixpkgs-darwin-stable",
        "nixpkgs-unstable": "nixpkgs-unstable"
      },
      "locked": {
        "lastModified": 1787511256,
        "narHash": "sha256-TQ8QCF8PouMBb/gkXCIazFJac/K/ZLoEkAF393O+2Ps=",
        "owner": "anderslundstedt",
        "repo": "nix-pins",
        "rev": "8c7a5bbeb6d82815879f2f8af977ffbe237e0100",
        "type": "github"
      },
      "original": {
        "owner": "anderslundstedt",
        "repo": "nix-pins",
        "type": "github"
      }
    },
    "root": {
      "inputs": {
        "check-unicode-coverage": "check-unicode-coverage",
        "iosevka-custom-fixed-slab-extra-extended": "iosevka-custom-fixed-slab-extra-extended",
        "nixpkgs-unstable": [
          "pins",
          "nixpkgs-unstable"
        ],
        "pins": "pins"
      }
    }
  },
  "root": "root",
  "version": 7
}
