{
  "nodes": {
    "check-unicode-coverage": {
      "inputs": {
        "nixpkgs-24-11-darwin": [
          "nixpkgs-24-11-darwin"
        ],
        "nixpkgs-24-11-linux": [
          "nixpkgs-24-11-linux"
        ],
        "nixpkgs-unstable": [
          "nixpkgs-unstable"
        ]
      },
      "locked": {
        "lastModified": 1787265971,
        "narHash": "sha256-oVc66vbt0zCERZkwxmPUKX3ChLshwmkbTWEigm5HTBk=",
        "owner": "anderslundstedt",
        "repo": "check-unicode-coverage",
        "rev": "f7406d52b1ed7bf77c75c3af0ac4f0ff9615c7f8",
        "type": "github"
      },
      "original": {
        "owner": "anderslundstedt",
        "repo": "check-unicode-coverage",
        "type": "github"
      }
    },
    "iosevka-custom-fixed-slab-extra-extended": {
      "inputs": {
        "nixpkgs-darwin": [
          "nixpkgs-stable-darwin"
        ],
        "nixpkgs-linux": [
          "nixpkgs-stable-linux"
        ],
        "nixpkgs-unstable": [
          "nixpkgs-unstable"
        ]
      },
      "locked": {
        "lastModified": 1787266902,
        "narHash": "sha256-FsbmF1klfUwb33Q+HPbpHgtes7yy0ibEtPW8APc0jvk=",
        "owner": "anderslundstedt",
        "repo": "iosevka-custom-fixed-slab-extra-extended",
        "rev": "a555fc2224c1ff926124c3bf0f94deac427cd0f1",
        "type": "github"
      },
      "original": {
        "owner": "anderslundstedt",
        "repo": "iosevka-custom-fixed-slab-extra-extended",
        "type": "github"
      }
    },
    "nixpkgs-24-11-darwin": {
      "locked": {
        "lastModified": 1751290243,
        "narHash": "sha256-kNf+obkpJZWar7HZymXZbW+Rlk3HTEIMlpc6FCNz0Ds=",
        "owner": "NixOS",
        "repo": "nixpkgs",
        "rev": "5ab036a8d97cb9476fbe81b09076e6e91d15e1b6",
        "type": "github"
      },
      "original": {
        "id": "nixpkgs",
        "ref": "nixpkgs-24.11-darwin",
        "type": "indirect"
      }
    },
    "nixpkgs-24-11-linux": {
      "locked": {
        "lastModified": 1751274312,
        "narHash": "sha256-/bVBlRpECLVzjV19t5KMdMFWSwKLtb5RyXdjz3LJT+g=",
        "owner": "NixOS",
        "repo": "nixpkgs",
        "rev": "50ab793786d9de88ee30ec4e4c24fb4236fc2674",
        "type": "github"
      },
      "original": {
        "id": "nixpkgs",
        "ref": "nixos-24.11",
        "type": "indirect"
      }
    },
    "nixpkgs-stable-darwin": {
      "locked": {
        "lastModified": 1786920013,
        "narHash": "sha256-pZqBmBBjVeaxmFGe1bwfyaN9PyGg8KKEelN/UCw3gEg=",
        "rev": "33da5f36e599b50aa7dbbfacb718254423b18354",
        "type": "tarball",
        "url": "https://releases.nixos.org/nixpkgs/26.05-darwin/nixpkgs-darwin-26.05pre1012102.33da5f36e599/nixexprs.tar.xz"
      },
      "original": {
        "id": "nixpkgs",
        "ref": "nixpkgs-26.05-darwin",
        "type": "indirect"
      }
    },
    "nixpkgs-stable-linux": {
      "locked": {
        "lastModified": 1787101114,
        "narHash": "sha256-BA7sSNjLDuPGSOYBGpr6WQjke1MQ8AZpJ8GlYZM/mOc=",
        "rev": "b18a4b905f8d028dc4476412e6d6891728695379",
        "type": "tarball",
        "url": "https://releases.nixos.org/nixos/26.05/nixos-26.05.8045.b18a4b905f8d/nixexprs.tar.xz"
      },
      "original": {
        "id": "nixpkgs",
        "ref": "nixos-26.05",
        "type": "indirect"
      }
    },
    "nixpkgs-unstable": {
      "locked": {
        "lastModified": 1787172299,
        "narHash": "sha256-PShzS87awOlE5XWkxUGBd/58/F+AtE2ZMgFffKj4r8s=",
        "owner": "NixOS",
        "repo": "nixpkgs",
        "rev": "07e1d92cdc0ed416cfa11ff3ca40d17e61cfba7a",
        "type": "github"
      },
      "original": {
        "id": "nixpkgs",
        "ref": "nixpkgs-unstable",
        "type": "indirect"
      }
    },
    "root": {
      "inputs": {
        "check-unicode-coverage": "check-unicode-coverage",
        "iosevka-custom-fixed-slab-extra-extended": "iosevka-custom-fixed-slab-extra-extended",
        "nixpkgs-24-11-darwin": "nixpkgs-24-11-darwin",
        "nixpkgs-24-11-linux": "nixpkgs-24-11-linux",
        "nixpkgs-stable-darwin": "nixpkgs-stable-darwin",
        "nixpkgs-stable-linux": "nixpkgs-stable-linux",
        "nixpkgs-unstable": "nixpkgs-unstable"
      }
    }
  },
  "root": "root",
  "version": 7
}
